
Microsoft Visual Studio Solution File, Format Version 12.00
# Visual Studio 15
VisualStudioVersion = 15.0.28307.1082
MinimumVisualStudioVersion = 10.0.40219.1
Project("{FAE04EC0-301F-11D3-BF4B-00C04F79EFBC}") = "AplicacionDVL.Android", "AplicacionDVL\AplicacionDVL.Android\AplicacionDVL.Android.csproj", "{7210FA59-F8F4-46CD-AF31-BBF817AB2792}"
EndProject
Project("{FAE04EC0-301F-11D3-BF4B-00C04F79EFBC}") = "AplicacionDVL.iOS", "AplicacionDVL\AplicacionDVL.iOS\AplicacionDVL.iOS.csproj", "{690F2643-E328-4F23-A3F7-3243D56885AA}"
EndProject
Project("{FAE04EC0-301F-11D3-BF4B-00C04F79EFBC}") = "AplicacionDVL", "AplicacionDVL\AplicacionDVL\AplicacionDVL.csproj", "{08ED6B1A-6947-400F-9C98-2FA5AB5AC712}"
EndProject
Global
	GlobalSection(SolutionConfigurationPlatforms) = preSolution
		Ad-Hoc|Any CPU = Ad-Hoc|Any CPU
		Ad-Hoc|iPhone = Ad-Hoc|iPhone
		Ad-Hoc|iPhoneSimulator = Ad-Hoc|iPhoneSimulator
		AppStore|Any CPU = AppStore|Any CPU
		AppStore|iPhone = AppStore|iPhone
		AppStore|iPhoneSimulator = AppStore|iPhoneSimulator
		Debug|Any CPU = Debug|Any CPU
		Debug|iPhone = Debug|iPhone
		Debug|iPhoneSimulator = Debug|iPhoneSimulator
		Release|Any CPU = Release|Any CPU
		Release|iPhone = Release|iPhone
		Release|iPhoneSimulator = Release|iPhoneSimulator
	EndGlobalSection
	GlobalSection(ProjectConfigurationPlatforms) = postSolution
		{7210FA59-F8F4-46CD-AF31-BBF817AB2792}.Ad-Hoc|Any CPU.ActiveCfg = Release|Any CPU
		{7210FA59-F8F4-46CD-AF31-BBF817AB2792}.Ad-Hoc|Any CPU.Build.0 = Release|Any CPU
		{7210FA59-F8F4-46CD-AF31-BBF817AB2792}.Ad-Hoc|Any CPU.Deploy.0 = Release|Any CPU
		{7210FA59-F8F4-46CD-AF31-BBF817AB2792}.Ad-Hoc|iPhone.ActiveCfg = Release|Any CPU
		{7210FA59-F8F4-46CD-AF31-BBF817AB2792}.Ad-Hoc|iPhone.Build.0 = Release|Any CPU
		{7210FA59-F8F4-46CD-AF31-BBF817AB2792}.Ad-Hoc|iPhone.Deploy.0 = Release|Any CPU
		{7210FA59-F8F4-46CD-AF31-BBF817AB2792}.Ad-Hoc|iPhoneSimulator.ActiveCfg = Release|Any CPU
		{7210FA59-F8F4-46CD-AF31-BBF817AB2792}.Ad-Hoc|iPhoneSimulator.Build.0 = Release|Any CPU
		{7210FA59-F8F4-46CD-AF31-BBF817AB2792}.Ad-Hoc|iPhoneSimulator.Deploy.0 = Release|Any CPU
		{7210FA59-F8F4-46CD-AF31-BBF817AB2792}.AppStore|Any CPU.ActiveCfg = Release|Any CPU
		{7210FA59-F8F4-46CD-AF31-BBF817AB2792}.AppStore|Any CPU.Build.0 = Release|Any CPU
		{7210FA59-F8F4-46CD-AF31-BBF817AB2792}.AppStore|Any CPU.Deploy.0 = Release|Any CPU
		{7210FA59-F8F4-46CD-AF31-BBF817AB2792}.AppStore|iPhone.ActiveCfg = Release|Any CPU
		{7210FA59-F8F4-46CD-AF31-BBF817AB2792}.AppStore|iPhone.Build.0 = Release|Any CPU
		{7210FA59-F8F4-46CD-AF31-BBF817AB2792}.AppStore|iPhone.Deploy.0 = Release|Any CPU
		{7210FA59-F8F4-46CD-AF31-BBF817AB2792}.AppStore|iPhoneSimulator.ActiveCfg = Release|Any CPU
		{7210FA59-F8F4-46CD-AF31-BBF817AB2792}.AppStore|iPhoneSimulator.Build.0 = Release|Any CPU
		{7210FA59-F8F4-46CD-AF31-BBF817AB2792}.AppStore|iPhoneSimulator.Deploy.0 = Release|Any CPU
		{7210FA59-F8F4-46CD-AF31-BBF817AB2792}.Debug|Any CPU.ActiveCfg = Debug|Any CPU
		{7210FA59-F8F4-46CD-AF31-BBF817AB2792}.Debug|Any CPU.Build.0 = Debug|Any CPU
		{7210FA59-F8F4-46CD-AF31-BBF817AB2792}.Debug|Any CPU.Deploy.0 = Debug|Any CPU
		{7210FA59-F8F4-46CD-AF31-BBF817AB2792}.Debug|iPhone.ActiveCfg = Debug|Any CPU
		{7210FA59-F8F4-46CD-AF31-BBF817AB2792}.Debug|iPhone.Build.0 = Debug|Any CPU
		{7210FA59-F8F4-46CD-AF31-BBF817AB2792}.Debug|iPhone.Deploy.0 = Debug|Any CPU
		{7210FA59-F8F4-46CD-AF31-BBF817AB2792}.Debug|iPhoneSimulator.ActiveCfg = Debug|Any CPU
		{7210FA59-F8F4-46CD-AF31-BBF817AB2792}.Debug|iPhoneSimulator.Build.0 = Debug|Any CPU
		{7210FA59-F8F4-46CD-AF31-BBF817AB2792}.Debug|iPhoneSimulator.Deploy.0 = Debug|Any CPU
		{7210FA59-F8F4-46CD-AF31-BBF817AB2792}.Release|Any CPU.ActiveCfg = Release|Any CPU
		{7210FA59-F8F4-46CD-AF31-BBF817AB2792}.Release|Any CPU.Build.0 = Release|Any CPU
		{7210FA59-F8F4-46CD-AF31-BBF817AB2792}.Release|Any CPU.Deploy.0 = Release|Any CPU
		{7210FA59-F8F4-46CD-AF31-BBF817AB2792}.Release|iPhone.ActiveCfg = Release|Any CPU
		{7210FA59-F8F4-46CD-AF31-BBF817AB2792}.Release|iPhone.Build.0 = Release|Any CPU
		{7210FA59-F8F4-46CD-AF31-BBF817AB2792}.Release|iPhone.Deploy.0 = Release|Any CPU
		{7210FA59-F8F4-46CD-AF31-BBF817AB2792}.Release|iPhoneSimulator.ActiveCfg = Release|Any CPU
		{7210FA59-F8F4-46CD-AF31-BBF817AB2792}.Release|iPhoneSimulator.Build.0 = Release|Any CPU
		{7210FA59-F8F4-46CD-AF31-BBF817AB2792}.Release|iPhoneSimulator.Deploy.0 = Release|Any CPU
		{690F2643-E328-4F23-A3F7-3243D56885AA}.Ad-Hoc|Any CPU.ActiveCfg = Ad-Hoc|iPhone
		{690F2643-E328-4F23-A3F7-3243D56885AA}.Ad-Hoc|Any CPU.Build.0 = Ad-Hoc|iPhone
		{690F2643-E328-4F23-A3F7-3243D56885AA}.Ad-Hoc|Any CPU.Deploy.0 = Ad-Hoc|iPhone
		{690F2643-E328-4F23-A3F7-3243D56885AA}.Ad-Hoc|iPhone.ActiveCfg = Ad-Hoc|iPhone
		{690F2643-E328-4F23-A3F7-3243D56885AA}.Ad-Hoc|iPhone.Build.0 = Ad-Hoc|iPhone
		{690F2643-E328-4F23-A3F7-3243D56885AA}.Ad-Hoc|iPhone.Deploy.0 = Ad-Hoc|iPhone
		{690F2643-E328-4F23-A3F7-3243D56885AA}.Ad-Hoc|iPhoneSimulator.ActiveCfg = Ad-Hoc|iPhoneSimulator
		{690F2643-E328-4F23-A3F7-3243D56885AA}.Ad-Hoc|iPhoneSimulator.Build.0 = Ad-Hoc|iPhoneSimulator
		{690F2643-E328-4F23-A3F7-3243D56885AA}.Ad-Hoc|iPhoneSimulator.Deploy.0 = Ad-Hoc|iPhoneSimulator
		{690F2643-E328-4F23-A3F7-3243D56885AA}.AppStore|Any CPU.ActiveCfg = AppStore|iPhone
		{690F2643-E328-4F23-A3F7-3243D56885AA}.AppStore|Any CPU.Build.0 = AppStore|iPhone
		{690F2643-E328-4F23-A3F7-3243D56885AA}.AppStore|Any CPU.Deploy.0 = AppStore|iPhone
		{690F2643-E328-4F23-A3F7-3243D56885AA}.AppStore|iPhone.ActiveCfg = AppStore|iPhone
		{690F2643-E328-4F23-A3F7-3243D56885AA}.AppStore|iPhone.Build.0 = AppStore|iPhone
		{690F2643-E328-4F23-A3F7-3243D56885AA}.AppStore|iPhone.Deploy.0 = AppStore|iPhone
		{690F2643-E328-4F23-A3F7-3243D56885AA}.AppStore|iPhoneSimulator.ActiveCfg = AppStore|iPhoneSimulator
		{690F2643-E328-4F23-A3F7-3243D56885AA}.AppStore|iPhoneSimulator.Build.0 = AppStore|iPhoneSimulator
		{690F2643-E328-4F23-A3F7-3243D56885AA}.AppStore|iPhoneSimulator.Deploy.0 = AppStore|iPhoneSimulator
		{690F2643-E328-4F23-A3F7-3243D56885AA}.Debug|Any CPU.ActiveCfg = Debug|iPhoneSimulator
		{690F2643-E328-4F23-A3F7-3243D56885AA}.Debug|Any CPU.Build.0 = Debug|iPhoneSimulator
		{690F2643-E328-4F23-A3F7-3243D56885AA}.Debug|Any CPU.Deploy.0 = Debug|iPhoneSimulator
		{690F2643-E328-4F23-A3F7-3243D56885AA}.Debug|iPhone.ActiveCfg = Debug|iPhone
		{690F2643-E328-4F23-A3F7-3243D56885AA}.Debug|iPhone.Build.0 = Debug|iPhone
		{690F2643-E328-4F23-A3F7-3243D56885AA}.Debug|iPhone.Deploy.0 = Debug|iPhone
		{690F2643-E328-4F23-A3F7-3243D56885AA}.Debug|iPhoneSimulator.ActiveCfg = Debug|iPhoneSimulator
		{690F2643-E328-4F23-A3F7-3243D56885AA}.Debug|iPhoneSimulator.Build.0 = Debug|iPhoneSimulator
		{690F2643-E328-4F23-A3F7-3243D56885AA}.Debug|iPhoneSimulator.Deploy.0 = Debug|iPhoneSimulator
		{690F2643-E328-4F23-A3F7-3243D56885AA}.Release|Any CPU.ActiveCfg = Release|iPhone
		{690F2643-E328-4F23-A3F7-3243D56885AA}.Release|Any CPU.Build.0 = Release|iPhone
		{690F2643-E328-4F23-A3F7-3243D56885AA}.Release|Any CPU.Deploy.0 = Release|iPhone
		{690F2643-E328-4F23-A3F7-3243D56885AA}.Release|iPhone.ActiveCfg = Release|iPhone
		{690F2643-E328-4F23-A3F7-3243D56885AA}.Release|iPhone.Build.0 = Release|iPhone
		{690F2643-E328-4F23-A3F7-3243D56885AA}.Release|iPhone.Deploy.0 = Release|iPhone
		{690F2643-E328-4F23-A3F7-3243D56885AA}.Release|iPhoneSimulator.ActiveCfg = Release|iPhoneSimulator
		{690F2643-E328-4F23-A3F7-3243D56885AA}.Release|iPhoneSimulator.Build.0 = Release|iPhoneSimulator
		{690F2643-E328-4F23-A3F7-3243D56885AA}.Release|iPhoneSimulator.Deploy.0 = Release|iPhoneSimulator
		{08ED6B1A-6947-400F-9C98-2FA5AB5AC712}.Ad-Hoc|Any CPU.ActiveCfg = Debug|Any CPU
		{08ED6B1A-6947-400F-9C98-2FA5AB5AC712}.Ad-Hoc|Any CPU.Build.0 = Debug|Any CPU
		{08ED6B1A-6947-400F-9C98-2FA5AB5AC712}.Ad-Hoc|Any CPU.Deploy.0 = Debug|Any CPU
		{08ED6B1A-6947-400F-9C98-2FA5AB5AC712}.Ad-Hoc|iPhone.ActiveCfg = Debug|Any CPU
		{08ED6B1A-6947-400F-9C98-2FA5AB5AC712}.Ad-Hoc|iPhone.Build.0 = Debug|Any CPU
		{08ED6B1A-6947-400F-9C98-2FA5AB5AC712}.Ad-Hoc|iPhone.Deploy.0 = Debug|Any CPU
		{08ED6B1A-6947-400F-9C98-2FA5AB5AC712}.Ad-Hoc|iPhoneSimulator.ActiveCfg = Debug|Any CPU
		{08ED6B1A-6947-400F-9C98-2FA5AB5AC712}.Ad-Hoc|iPhoneSimulator.Build.0 = Debug|Any CPU
		{08ED6B1A-6947-400F-9C98-2FA5AB5AC712}.Ad-Hoc|iPhoneSimulator.Deploy.0 = Debug|Any CPU
		{08ED6B1A-6947-400F-9C98-2FA5AB5AC712}.AppStore|Any CPU.ActiveCfg = Debug|Any CPU
		{08ED6B1A-6947-400F-9C98-2FA5AB5AC712}.AppStore|Any CPU.Build.0 = Debug|Any CPU
		{08ED6B1A-6947-400F-9C98-2FA5AB5AC712}.AppStore|Any CPU.Deploy.0 = Debug|Any CPU
		{08ED6B1A-6947-400F-9C98-2FA5AB5AC712}.AppStore|iPhone.ActiveCfg = Debug|Any CPU
		{08ED6B1A-6947-400F-9C98-2FA5AB5AC712}.AppStore|iPhone.Build.0 = Debug|Any CPU
		{08ED6B1A-6947-400F-9C98-2FA5AB5AC712}.AppStore|iPhone.Deploy.0 = Debug|Any CPU
		{08ED6B1A-6947-400F-9C98-2FA5AB5AC712}.AppStore|iPhoneSimulator.ActiveCfg = Debug|Any CPU
		{08ED6B1A-6947-400F-9C98-2FA5AB5AC712}.AppStore|iPhoneSimulator.Build.0 = Debug|Any CPU
		{08ED6B1A-6947-400F-9C98-2FA5AB5AC712}.AppStore|iPhoneSimulator.Deploy.0 = Debug|Any CPU
		{08ED6B1A-6947-400F-9C98-2FA5AB5AC712}.Debug|Any CPU.ActiveCfg = Debug|Any CPU
		{08ED6B1A-6947-400F-9C98-2FA5AB5AC712}.Debug|Any CPU.Build.0 = Debug|Any CPU
		{08ED6B1A-6947-400F-9C98-2FA5AB5AC712}.Debug|Any CPU.Deploy.0 = Debug|Any CPU
		{08ED6B1A-6947-400F-9C98-2FA5AB5AC712}.Debug|iPhone.ActiveCfg = Debug|Any CPU
		{08ED6B1A-6947-400F-9C98-2FA5AB5AC712}.Debug|iPhone.Build.0 = Debug|Any CPU
		{08ED6B1A-6947-400F-9C98-2FA5AB5AC712}.Debug|iPhone.Deploy.0 = Debug|Any CPU
		{08ED6B1A-6947-400F-9C98-2FA5AB5AC712}.Debug|iPhoneSimulator.ActiveCfg = Debug|Any CPU
		{08ED6B1A-6947-400F-9C98-2FA5AB5AC712}.Debug|iPhoneSimulator.Build.0 = Debug|Any CPU
		{08ED6B1A-6947-400F-9C98-2FA5AB5AC712}.Debug|iPhoneSimulator.Deploy.0 = Debug|Any CPU
		{08ED6B1A-6947-400F-9C98-2FA5AB5AC712}.Release|Any CPU.ActiveCfg = Release|Any CPU
		{08ED6B1A-6947-400F-9C98-2FA5AB5AC712}.Release|Any CPU.Build.0 = Release|Any CPU
		{08ED6B1A-6947-400F-9C98-2FA5AB5AC712}.Release|Any CPU.Deploy.0 = Release|Any CPU
		{08ED6B1A-6947-400F-9C98-2FA5AB5AC712}.Release|iPhone.ActiveCfg = Release|Any CPU
		{08ED6B1A-6947-400F-9C98-2FA5AB5AC712}.Release|iPhone.Build.0 = Release|Any CPU
		{08ED6B1A-6947-400F-9C98-2FA5AB5AC712}.Release|iPhone.Deploy.0 = Release|Any CPU
		{08ED6B1A-6947-400F-9C98-2FA5AB5AC712}.Release|iPhoneSimulator.ActiveCfg = Release|Any CPU
		{08ED6B1A-6947-400F-9C98-2FA5AB5AC712}.Release|iPhoneSimulator.Build.0 = Release|Any CPU
		{08ED6B1A-6947-400F-9C98-2FA5AB5AC712}.Release|iPhoneSimulator.Deploy.0 = Release|Any CPU
	EndGlobalSection
	GlobalSection(SolutionProperties) = preSolution
		HideSolutionNode = FALSE
	EndGlobalSection
	GlobalSection(ExtensibilityGlobals) = postSolution
		SolutionGuid = {23C8D299-573C-48FB-909A-41228DB9C011}
	EndGlobalSection
EndGlobal
